// !$*UTF8*$!
{
	archiveVersion = 1;
	classes = {
	};
	objectVersion = 56;
	objects = {

/* Begin PBXBuildFile section */
		76B8F57EE3458C15BB8E19F9 /* libPods-ToDoApp.a in Frameworks */ = {isa = PBXBuildFile; fileRef = 3BD45AE69ACF0FCB6D0DC066 /* libPods-ToDoApp.a */; };
		E7745B532C25692400E584D3 /* ToDoApp.swift in Sources */ = {isa = PBXBuildFile; fileRef = E7745B522C25692400E584D3 /* ToDoApp.swift */; };
		E7745B572C25692600E584D3 /* Assets.xcassets in Resources */ = {isa = PBXBuildFile; fileRef = E7745B562C25692600E584D3 /* Assets.xcassets */; };
		E7745B5A2C25692600E584D3 /* Preview Assets.xcassets in Resources */ = {isa = PBXBuildFile; fileRef = E7745B592C25692600E584D3 /* Preview Assets.xcassets */; };
		E7745B612C258BEA00E584D3 /* TodoItem.swift in Sources */ = {isa = PBXBuildFile; fileRef = E7745B602C258BEA00E584D3 /* TodoItem.swift */; };
		E7745B632C258DE400E584D3 /* FileCache.swift in Sources */ = {isa = PBXBuildFile; fileRef = E7745B622C258DE400E584D3 /* FileCache.swift */; };
		E7745B6D2C25CAA600E584D3 /* ToDoItemTests.swift in Sources */ = {isa = PBXBuildFile; fileRef = E7745B6C2C25CAA600E584D3 /* ToDoItemTests.swift */; };
		E7745B762C26F16400E584D3 /* Colors.swift in Sources */ = {isa = PBXBuildFile; fileRef = E7745B752C26F16400E584D3 /* Colors.swift */; };
		E7745B7E2C29BD8700E584D3 /* MainScreen.swift in Sources */ = {isa = PBXBuildFile; fileRef = E7745B7D2C29BD8700E584D3 /* MainScreen.swift */; };
		E7745B852C2ADC7900E584D3 /* NewItemButton.swift in Sources */ = {isa = PBXBuildFile; fileRef = E7745B842C2ADC7900E584D3 /* NewItemButton.swift */; };
		E7745B872C2ADC9B00E584D3 /* ItemView.swift in Sources */ = {isa = PBXBuildFile; fileRef = E7745B862C2ADC9B00E584D3 /* ItemView.swift */; };
		E7745B892C2ADCB600E584D3 /* SubtitleView.swift in Sources */ = {isa = PBXBuildFile; fileRef = E7745B882C2ADCB600E584D3 /* SubtitleView.swift */; };
		E7745BA72C2EC58C00E584D3 /* OptionsView.swift in Sources */ = {isa = PBXBuildFile; fileRef = E7745BA62C2EC58C00E584D3 /* OptionsView.swift */; };
		E7745BAA2C2EC9CC00E584D3 /* View.swift in Sources */ = {isa = PBXBuildFile; fileRef = E7745BA92C2EC9CC00E584D3 /* View.swift */; };
		E77556BC2C330363003B80FA /* TodoItem+CSV.swift in Sources */ = {isa = PBXBuildFile; fileRef = E77556BB2C330363003B80FA /* TodoItem+CSV.swift */; };
		E77556BE2C3303B7003B80FA /* TodoItem+JSON.swift in Sources */ = {isa = PBXBuildFile; fileRef = E77556BD2C3303B7003B80FA /* TodoItem+JSON.swift */; };
		E77556D12C337A46003B80FA /* TodoItemsViewModel.swift in Sources */ = {isa = PBXBuildFile; fileRef = E77556D02C337A46003B80FA /* TodoItemsViewModel.swift */; };
		E77556D72C361AB7003B80FA /* CalendarViewController.swift in Sources */ = {isa = PBXBuildFile; fileRef = E77556D62C361AB7003B80FA /* CalendarViewController.swift */; };
		E77556D92C36DCF9003B80FA /* CalendarItemsViewModel.swift in Sources */ = {isa = PBXBuildFile; fileRef = E77556D82C36DCF9003B80FA /* CalendarItemsViewModel.swift */; };
		E77556DB2C37FBB4003B80FA /* TodoItemCell.swift in Sources */ = {isa = PBXBuildFile; fileRef = E77556DA2C37FBB4003B80FA /* TodoItemCell.swift */; };
		E77556DD2C37FBDB003B80FA /* DateCell.swift in Sources */ = {isa = PBXBuildFile; fileRef = E77556DC2C37FBDB003B80FA /* DateCell.swift */; };
		E77556FF2C389398003B80FA /* CalendarItemsView.swift in Sources */ = {isa = PBXBuildFile; fileRef = E77556FE2C389398003B80FA /* CalendarItemsView.swift */; };
		E77557012C3898C3003B80FA /* CalendarDatesView.swift in Sources */ = {isa = PBXBuildFile; fileRef = E77557002C3898C3003B80FA /* CalendarDatesView.swift */; };
		E77557062C3C23BB003B80FA /* CocoaLumberjack in Frameworks */ = {isa = PBXBuildFile; productRef = E77557052C3C23BB003B80FA /* CocoaLumberjack */; };
		E77557082C3C23BB003B80FA /* CocoaLumberjackSwift in Frameworks */ = {isa = PBXBuildFile; productRef = E77557072C3C23BB003B80FA /* CocoaLumberjackSwift */; };
		E775570A2C3C23BB003B80FA /* CocoaLumberjackSwiftLogBackend in Frameworks */ = {isa = PBXBuildFile; productRef = E77557092C3C23BB003B80FA /* CocoaLumberjackSwiftLogBackend */; };
		E775570C2C3C3D99003B80FA /* LoggerSetup.swift in Sources */ = {isa = PBXBuildFile; fileRef = E775570B2C3C3D99003B80FA /* LoggerSetup.swift */; };
		E77998E52C2F648800065344 /* DateConverter.swift in Sources */ = {isa = PBXBuildFile; fileRef = E77998E42C2F648800065344 /* DateConverter.swift */; };
		E77998E72C2F9A8900065344 /* DetailScreen.swift in Sources */ = {isa = PBXBuildFile; fileRef = E77998E62C2F9A8900065344 /* DetailScreen.swift */; };
/* End PBXBuildFile section */

/* Begin PBXContainerItemProxy section */
		E7745B6E2C25CAA600E584D3 /* PBXContainerItemProxy */ = {
			isa = PBXContainerItemProxy;
			containerPortal = E7745B472C25692400E584D3 /* Project object */;
			proxyType = 1;
			remoteGlobalIDString = E7745B4E2C25692400E584D3;
			remoteInfo = ToDoApp;
		};
/* End PBXContainerItemProxy section */

/* Begin PBXFileReference section */
		292F42E2C89FA2F3389BDC63 /* Pods-ToDoApp.debug.xcconfig */ = {isa = PBXFileReference; includeInIndex = 1; lastKnownFileType = text.xcconfig; name = "Pods-ToDoApp.debug.xcconfig"; path = "Target Support Files/Pods-ToDoApp/Pods-ToDoApp.debug.xcconfig"; sourceTree = "<group>"; };
		3BD45AE69ACF0FCB6D0DC066 /* libPods-ToDoApp.a */ = {isa = PBXFileReference; explicitFileType = archive.ar; includeInIndex = 0; path = "libPods-ToDoApp.a"; sourceTree = BUILT_PRODUCTS_DIR; };
		E7745B4F2C25692400E584D3 /* ToDoApp.app */ = {isa = PBXFileReference; explicitFileType = wrapper.application; includeInIndex = 0; path = ToDoApp.app; sourceTree = BUILT_PRODUCTS_DIR; };
		E7745B522C25692400E584D3 /* ToDoApp.swift */ = {isa = PBXFileReference; lastKnownFileType = sourcecode.swift; path = ToDoApp.swift; sourceTree = "<group>"; };
		E7745B562C25692600E584D3 /* Assets.xcassets */ = {isa = PBXFileReference; lastKnownFileType = folder.assetcatalog; path = Assets.xcassets; sourceTree = "<group>"; };
		E7745B592C25692600E584D3 /* Preview Assets.xcassets */ = {isa = PBXFileReference; lastKnownFileType = folder.assetcatalog; path = "Preview Assets.xcassets"; sourceTree = "<group>"; };
		E7745B602C258BEA00E584D3 /* TodoItem.swift */ = {isa = PBXFileReference; lastKnownFileType = sourcecode.swift; path = TodoItem.swift; sourceTree = "<group>"; };
		E7745B622C258DE400E584D3 /* FileCache.swift */ = {isa = PBXFileReference; lastKnownFileType = sourcecode.swift; path = FileCache.swift; sourceTree = "<group>"; };
		E7745B6A2C25CAA600E584D3 /* ToDoItemTests.xctest */ = {isa = PBXFileReference; explicitFileType = wrapper.cfbundle; includeInIndex = 0; path = ToDoItemTests.xctest; sourceTree = BUILT_PRODUCTS_DIR; };
		E7745B6C2C25CAA600E584D3 /* ToDoItemTests.swift */ = {isa = PBXFileReference; lastKnownFileType = sourcecode.swift; path = ToDoItemTests.swift; sourceTree = "<group>"; };
		E7745B752C26F16400E584D3 /* Colors.swift */ = {isa = PBXFileReference; lastKnownFileType = sourcecode.swift; path = Colors.swift; sourceTree = "<group>"; };
		E7745B7D2C29BD8700E584D3 /* MainScreen.swift */ = {isa = PBXFileReference; lastKnownFileType = sourcecode.swift; path = MainScreen.swift; sourceTree = "<group>"; };
		E7745B842C2ADC7900E584D3 /* NewItemButton.swift */ = {isa = PBXFileReference; lastKnownFileType = sourcecode.swift; path = NewItemButton.swift; sourceTree = "<group>"; };
		E7745B862C2ADC9B00E584D3 /* ItemView.swift */ = {isa = PBXFileReference; lastKnownFileType = sourcecode.swift; path = ItemView.swift; sourceTree = "<group>"; };
		E7745B882C2ADCB600E584D3 /* SubtitleView.swift */ = {isa = PBXFileReference; lastKnownFileType = sourcecode.swift; path = SubtitleView.swift; sourceTree = "<group>"; };
		E7745BA62C2EC58C00E584D3 /* OptionsView.swift */ = {isa = PBXFileReference; lastKnownFileType = sourcecode.swift; path = OptionsView.swift; sourceTree = "<group>"; };
		E7745BA92C2EC9CC00E584D3 /* View.swift */ = {isa = PBXFileReference; lastKnownFileType = sourcecode.swift; path = View.swift; sourceTree = "<group>"; };
		E77556BB2C330363003B80FA /* TodoItem+CSV.swift */ = {isa = PBXFileReference; lastKnownFileType = sourcecode.swift; path = "TodoItem+CSV.swift"; sourceTree = "<group>"; };
		E77556BD2C3303B7003B80FA /* TodoItem+JSON.swift */ = {isa = PBXFileReference; lastKnownFileType = sourcecode.swift; path = "TodoItem+JSON.swift"; sourceTree = "<group>"; };
		E77556D02C337A46003B80FA /* TodoItemsViewModel.swift */ = {isa = PBXFileReference; lastKnownFileType = sourcecode.swift; path = TodoItemsViewModel.swift; sourceTree = "<group>"; };
		E77556D62C361AB7003B80FA /* CalendarViewController.swift */ = {isa = PBXFileReference; lastKnownFileType = sourcecode.swift; path = CalendarViewController.swift; sourceTree = "<group>"; };
		E77556D82C36DCF9003B80FA /* CalendarItemsViewModel.swift */ = {isa = PBXFileReference; lastKnownFileType = sourcecode.swift; path = CalendarItemsViewModel.swift; sourceTree = "<group>"; };
		E77556DA2C37FBB4003B80FA /* TodoItemCell.swift */ = {isa = PBXFileReference; lastKnownFileType = sourcecode.swift; path = TodoItemCell.swift; sourceTree = "<group>"; };
		E77556DC2C37FBDB003B80FA /* DateCell.swift */ = {isa = PBXFileReference; lastKnownFileType = sourcecode.swift; path = DateCell.swift; sourceTree = "<group>"; };
		E77556FE2C389398003B80FA /* CalendarItemsView.swift */ = {isa = PBXFileReference; lastKnownFileType = sourcecode.swift; path = CalendarItemsView.swift; sourceTree = "<group>"; };
		E77557002C3898C3003B80FA /* CalendarDatesView.swift */ = {isa = PBXFileReference; lastKnownFileType = sourcecode.swift; path = CalendarDatesView.swift; sourceTree = "<group>"; };
		E775570B2C3C3D99003B80FA /* LoggerSetup.swift */ = {isa = PBXFileReference; lastKnownFileType = sourcecode.swift; path = LoggerSetup.swift; sourceTree = "<group>"; };
		E77998E42C2F648800065344 /* DateConverter.swift */ = {isa = PBXFileReference; lastKnownFileType = sourcecode.swift; path = DateConverter.swift; sourceTree = "<group>"; };
		E77998E62C2F9A8900065344 /* DetailScreen.swift */ = {isa = PBXFileReference; lastKnownFileType = sourcecode.swift; path = DetailScreen.swift; sourceTree = "<group>"; };
		F9A4D84E33A7CAF4C35768D5 /* Pods-ToDoApp.release.xcconfig */ = {isa = PBXFileReference; includeInIndex = 1; lastKnownFileType = text.xcconfig; name = "Pods-ToDoApp.release.xcconfig"; path = "Target Support Files/Pods-ToDoApp/Pods-ToDoApp.release.xcconfig"; sourceTree = "<group>"; };
/* End PBXFileReference section */

/* Begin PBXFrameworksBuildPhase section */
		E7745B4C2C25692400E584D3 /* Frameworks */ = {
			isa = PBXFrameworksBuildPhase;
			buildActionMask = 2147483647;
			files = (
				E77557082C3C23BB003B80FA /* CocoaLumberjackSwift in Frameworks */,
				E775570A2C3C23BB003B80FA /* CocoaLumberjackSwiftLogBackend in Frameworks */,
				E77557062C3C23BB003B80FA /* CocoaLumberjack in Frameworks */,
				76B8F57EE3458C15BB8E19F9 /* libPods-ToDoApp.a in Frameworks */,
			);
			runOnlyForDeploymentPostprocessing = 0;
		};
		E7745B672C25CAA600E584D3 /* Frameworks */ = {
			isa = PBXFrameworksBuildPhase;
			buildActionMask = 2147483647;
			files = (
			);
			runOnlyForDeploymentPostprocessing = 0;
		};
/* End PBXFrameworksBuildPhase section */

/* Begin PBXGroup section */
		221BDF0DFF85FD982B86526D /* Pods */ = {
			isa = PBXGroup;
			children = (
				292F42E2C89FA2F3389BDC63 /* Pods-ToDoApp.debug.xcconfig */,
				F9A4D84E33A7CAF4C35768D5 /* Pods-ToDoApp.release.xcconfig */,
			);
			path = Pods;
			sourceTree = "<group>";
		};
		E7745B462C25692400E584D3 = {
			isa = PBXGroup;
			children = (
				E7745B512C25692400E584D3 /* ToDoApp */,
				E7745B6B2C25CAA600E584D3 /* ToDoItemTests */,
				E7745B502C25692400E584D3 /* Products */,
				221BDF0DFF85FD982B86526D /* Pods */,
				F7B1E3007757C2F90317EE25 /* Frameworks */,
			);
			sourceTree = "<group>";
		};
		E7745B502C25692400E584D3 /* Products */ = {
			isa = PBXGroup;
			children = (
				E7745B4F2C25692400E584D3 /* ToDoApp.app */,
				E7745B6A2C25CAA600E584D3 /* ToDoItemTests.xctest */,
			);
			name = Products;
			sourceTree = "<group>";
		};
		E7745B512C25692400E584D3 /* ToDoApp */ = {
			isa = PBXGroup;
			children = (
				E7745B522C25692400E584D3 /* ToDoApp.swift */,
				E7745B772C29BC7B00E584D3 /* Models */,
				E77556CF2C3378AC003B80FA /* ViewModels */,
				E7745B782C29BCBC00E584D3 /* Views */,
				E77998E32C2F644900065344 /* Services */,
				E7745B812C29C5A100E584D3 /* Resources */,
				E7745B582C25692600E584D3 /* Assets */,
				E77556CE2C3360EC003B80FA /* Preview Content */,
			);
			path = ToDoApp;
			sourceTree = "<group>";
		};
		E7745B582C25692600E584D3 /* Assets */ = {
			isa = PBXGroup;
			children = (
				E7745B562C25692600E584D3 /* Assets.xcassets */,
			);
			path = Assets;
			sourceTree = "<group>";
		};
		E7745B6B2C25CAA600E584D3 /* ToDoItemTests */ = {
			isa = PBXGroup;
			children = (
				E7745B6C2C25CAA600E584D3 /* ToDoItemTests.swift */,
			);
			path = ToDoItemTests;
			sourceTree = "<group>";
		};
		E7745B772C29BC7B00E584D3 /* Models */ = {
			isa = PBXGroup;
			children = (
				E77556BA2C3302BD003B80FA /* TodoItem */,
			);
			path = Models;
			sourceTree = "<group>";
		};
		E7745B782C29BCBC00E584D3 /* Views */ = {
			isa = PBXGroup;
			children = (
				E7745B7F2C29BE5200E584D3 /* Main */,
				E7745B7A2C29BCCE00E584D3 /* Detail */,
				E77556D52C361A8A003B80FA /* Calendar */,
				E7745BA82C2EC9C200E584D3 /* Extension */,
			);
			path = Views;
			sourceTree = "<group>";
		};
		E7745B7A2C29BCCE00E584D3 /* Detail */ = {
			isa = PBXGroup;
			children = (
				E77998E62C2F9A8900065344 /* DetailScreen.swift */,
				E7745BA62C2EC58C00E584D3 /* OptionsView.swift */,
			);
			path = Detail;
			sourceTree = "<group>";
		};
		E7745B7F2C29BE5200E584D3 /* Main */ = {
			isa = PBXGroup;
			children = (
				E7745B7D2C29BD8700E584D3 /* MainScreen.swift */,
				E7745B842C2ADC7900E584D3 /* NewItemButton.swift */,
				E7745B862C2ADC9B00E584D3 /* ItemView.swift */,
				E7745B882C2ADCB600E584D3 /* SubtitleView.swift */,
			);
			path = Main;
			sourceTree = "<group>";
		};
		E7745B812C29C5A100E584D3 /* Resources */ = {
			isa = PBXGroup;
			children = (
				E7745B752C26F16400E584D3 /* Colors.swift */,
			);
			path = Resources;
			sourceTree = "<group>";
		};
		E7745BA82C2EC9C200E584D3 /* Extension */ = {
			isa = PBXGroup;
			children = (
				E7745BA92C2EC9CC00E584D3 /* View.swift */,
			);
			path = Extension;
			sourceTree = "<group>";
		};
		E77556BA2C3302BD003B80FA /* TodoItem */ = {
			isa = PBXGroup;
			children = (
				E7745B602C258BEA00E584D3 /* TodoItem.swift */,
				E77556BB2C330363003B80FA /* TodoItem+CSV.swift */,
				E77556BD2C3303B7003B80FA /* TodoItem+JSON.swift */,
			);
			path = TodoItem;
			sourceTree = "<group>";
		};
		E77556CE2C3360EC003B80FA /* Preview Content */ = {
			isa = PBXGroup;
			children = (
				E7745B592C25692600E584D3 /* Preview Assets.xcassets */,
			);
			path = "Preview Content";
			sourceTree = "<group>";
		};
		E77556CF2C3378AC003B80FA /* ViewModels */ = {
			isa = PBXGroup;
			children = (
				E77556D02C337A46003B80FA /* TodoItemsViewModel.swift */,
				E77556D82C36DCF9003B80FA /* CalendarItemsViewModel.swift */,
			);
			path = ViewModels;
			sourceTree = "<group>";
		};
		E77556D52C361A8A003B80FA /* Calendar */ = {
			isa = PBXGroup;
			children = (
				E77556D62C361AB7003B80FA /* CalendarViewController.swift */,
				E77557032C389E6D003B80FA /* ItemsView */,
				E77557022C389E5B003B80FA /* DatesView */,
			);
			path = Calendar;
			sourceTree = "<group>";
		};
		E77557022C389E5B003B80FA /* DatesView */ = {
			isa = PBXGroup;
			children = (
				E77557002C3898C3003B80FA /* CalendarDatesView.swift */,
				E77556DC2C37FBDB003B80FA /* DateCell.swift */,
			);
			path = DatesView;
			sourceTree = "<group>";
		};
		E77557032C389E6D003B80FA /* ItemsView */ = {
			isa = PBXGroup;
			children = (
				E77556FE2C389398003B80FA /* CalendarItemsView.swift */,
				E77556DA2C37FBB4003B80FA /* TodoItemCell.swift */,
			);
			path = ItemsView;
			sourceTree = "<group>";
		};
		E77998E32C2F644900065344 /* Services */ = {
			isa = PBXGroup;
			children = (
				E7745B622C258DE400E584D3 /* FileCache.swift */,
				E77998E42C2F648800065344 /* DateConverter.swift */,
				E775570B2C3C3D99003B80FA /* LoggerSetup.swift */,
			);
			path = Services;
			sourceTree = "<group>";
		};
		F7B1E3007757C2F90317EE25 /* Frameworks */ = {
			isa = PBXGroup;
			children = (
				3BD45AE69ACF0FCB6D0DC066 /* libPods-ToDoApp.a */,
			);
			name = Frameworks;
			sourceTree = "<group>";
		};
/* End PBXGroup section */

/* Begin PBXNativeTarget section */
		E7745B4E2C25692400E584D3 /* ToDoApp */ = {
			isa = PBXNativeTarget;
			buildConfigurationList = E7745B5D2C25692600E584D3 /* Build configuration list for PBXNativeTarget "ToDoApp" */;
			buildPhases = (
				16F9EA9CE793127674575AB7 /* [CP] Check Pods Manifest.lock */,
				E7745B4B2C25692400E584D3 /* Sources */,
				E7745B4C2C25692400E584D3 /* Frameworks */,
				E7745B4D2C25692400E584D3 /* Resources */,
				E77C0CA32C3DE65D00383538 /* Configure Pods */,
			);
			buildRules = (
			);
			dependencies = (
			);
			name = ToDoApp;
			packageProductDependencies = (
				E77557052C3C23BB003B80FA /* CocoaLumberjack */,
				E77557072C3C23BB003B80FA /* CocoaLumberjackSwift */,
				E77557092C3C23BB003B80FA /* CocoaLumberjackSwiftLogBackend */,
			);
			productName = ToDoApp;
			productReference = E7745B4F2C25692400E584D3 /* ToDoApp.app */;
			productType = "com.apple.product-type.application";
		};
		E7745B692C25CAA600E584D3 /* ToDoItemTests */ = {
			isa = PBXNativeTarget;
			buildConfigurationList = E7745B702C25CAA600E584D3 /* Build configuration list for PBXNativeTarget "ToDoItemTests" */;
			buildPhases = (
				E7745B662C25CAA600E584D3 /* Sources */,
				E7745B672C25CAA600E584D3 /* Frameworks */,
				E7745B682C25CAA600E584D3 /* Resources */,
			);
			buildRules = (
			);
			dependencies = (
				E7745B6F2C25CAA600E584D3 /* PBXTargetDependency */,
			);
			name = ToDoItemTests;
			productName = ToDoItemTests;
			productReference = E7745B6A2C25CAA600E584D3 /* ToDoItemTests.xctest */;
			productType = "com.apple.product-type.bundle.unit-test";
		};
/* End PBXNativeTarget section */

/* Begin PBXProject section */
		E7745B472C25692400E584D3 /* Project object */ = {
			isa = PBXProject;
			attributes = {
				BuildIndependentTargetsInParallel = 1;
				LastSwiftUpdateCheck = 1520;
				LastUpgradeCheck = 1520;
				TargetAttributes = {
					E7745B4E2C25692400E584D3 = {
						CreatedOnToolsVersion = 15.2;
					};
					E7745B692C25CAA600E584D3 = {
						CreatedOnToolsVersion = 15.2;
						TestTargetID = E7745B4E2C25692400E584D3;
					};
				};
			};
			buildConfigurationList = E7745B4A2C25692400E584D3 /* Build configuration list for PBXProject "ToDoApp" */;
			compatibilityVersion = "Xcode 14.0";
			developmentRegion = en;
			hasScannedForEncodings = 0;
			knownRegions = (
				en,
				Base,
			);
			mainGroup = E7745B462C25692400E584D3;
			packageReferences = (
				E77557042C3C23BB003B80FA /* XCRemoteSwiftPackageReference "CocoaLumberjack" */,
			);
			productRefGroup = E7745B502C25692400E584D3 /* Products */;
			projectDirPath = "";
			projectRoot = "";
			targets = (
				E7745B4E2C25692400E584D3 /* ToDoApp */,
				E7745B692C25CAA600E584D3 /* ToDoItemTests */,
			);
		};
/* End PBXProject section */

/* Begin PBXResourcesBuildPhase section */
		E7745B4D2C25692400E584D3 /* Resources */ = {
			isa = PBXResourcesBuildPhase;
			buildActionMask = 2147483647;
			files = (
				E7745B5A2C25692600E584D3 /* Preview Assets.xcassets in Resources */,
				E7745B572C25692600E584D3 /* Assets.xcassets in Resources */,
			);
			runOnlyForDeploymentPostprocessing = 0;
		};
		E7745B682C25CAA600E584D3 /* Resources */ = {
			isa = PBXResourcesBuildPhase;
			buildActionMask = 2147483647;
			files = (
			);
			runOnlyForDeploymentPostprocessing = 0;
		};
/* End PBXResourcesBuildPhase section */

/* Begin PBXShellScriptBuildPhase section */
		16F9EA9CE793127674575AB7 /* [CP] Check Pods Manifest.lock */ = {
			isa = PBXShellScriptBuildPhase;
			buildActionMask = 2147483647;
			files = (
			);
			inputFileListPaths = (
			);
			inputPaths = (
				"${PODS_PODFILE_DIR_PATH}/Podfile.lock",
				"${PODS_ROOT}/Manifest.lock",
			);
			name = "[CP] Check Pods Manifest.lock";
			outputFileListPaths = (
			);
			outputPaths = (
				"$(DERIVED_FILE_DIR)/Pods-ToDoApp-checkManifestLockResult.txt",
			);
			runOnlyForDeploymentPostprocessing = 0;
			shellPath = /bin/sh;
			shellScript = "diff \"${PODS_PODFILE_DIR_PATH}/Podfile.lock\" \"${PODS_ROOT}/Manifest.lock\" > /dev/null\nif [ $? != 0 ] ; then\n    # print error to STDERR\n    echo \"error: The sandbox is not in sync with the Podfile.lock. Run 'pod install' or update your CocoaPods installation.\" >&2\n    exit 1\nfi\n# This output is used by Xcode 'outputs' to avoid re-running this script phase.\necho \"SUCCESS\" > \"${SCRIPT_OUTPUT_FILE_0}\"\n";
			showEnvVarsInLog = 0;
		};
		E77C0CA32C3DE65D00383538 /* Configure Pods */ = {
			isa = PBXShellScriptBuildPhase;
			alwaysOutOfDate = 1;
			buildActionMask = 2147483647;
			files = (
			);
			inputFileListPaths = (
			);
			inputPaths = (
			);
			name = "Configure Pods";
			outputFileListPaths = (
			);
			outputPaths = (
			);
			runOnlyForDeploymentPostprocessing = 0;
			shellPath = /bin/sh;
			shellScript = "\"${PODS_ROOT}/SwiftLint/swiftlint\"\n";
		};
/* End PBXShellScriptBuildPhase section */

/* Begin PBXSourcesBuildPhase section */
		E7745B4B2C25692400E584D3 /* Sources */ = {
			isa = PBXSourcesBuildPhase;
			buildActionMask = 2147483647;
			files = (
				E77556D72C361AB7003B80FA /* CalendarViewController.swift in Sources */,
				E77556DD2C37FBDB003B80FA /* DateCell.swift in Sources */,
				E7745BAA2C2EC9CC00E584D3 /* View.swift in Sources */,
				E77556D92C36DCF9003B80FA /* CalendarItemsViewModel.swift in Sources */,
				E7745B852C2ADC7900E584D3 /* NewItemButton.swift in Sources */,
				E77556FF2C389398003B80FA /* CalendarItemsView.swift in Sources */,
				E77556DB2C37FBB4003B80FA /* TodoItemCell.swift in Sources */,
				E7745BA72C2EC58C00E584D3 /* OptionsView.swift in Sources */,
				E7745B872C2ADC9B00E584D3 /* ItemView.swift in Sources */,
				E775570C2C3C3D99003B80FA /* LoggerSetup.swift in Sources */,
				E7745B7E2C29BD8700E584D3 /* MainScreen.swift in Sources */,
				E7745B762C26F16400E584D3 /* Colors.swift in Sources */,
				E77556D12C337A46003B80FA /* TodoItemsViewModel.swift in Sources */,
				E77557012C3898C3003B80FA /* CalendarDatesView.swift in Sources */,
				E77556BC2C330363003B80FA /* TodoItem+CSV.swift in Sources */,
				E7745B532C25692400E584D3 /* ToDoApp.swift in Sources */,
				E7745B632C258DE400E584D3 /* FileCache.swift in Sources */,
				E77998E52C2F648800065344 /* DateConverter.swift in Sources */,
				E77556BE2C3303B7003B80FA /* TodoItem+JSON.swift in Sources */,
				E7745B612C258BEA00E584D3 /* TodoItem.swift in Sources */,
				E77998E72C2F9A8900065344 /* DetailScreen.swift in Sources */,
				E7745B892C2ADCB600E584D3 /* SubtitleView.swift in Sources */,
			);
			runOnlyForDeploymentPostprocessing = 0;
		};
		E7745B662C25CAA600E584D3 /* Sources */ = {
			isa = PBXSourcesBuildPhase;
			buildActionMask = 2147483647;
			files = (
				E7745B6D2C25CAA600E584D3 /* ToDoItemTests.swift in Sources */,
			);
			runOnlyForDeploymentPostprocessing = 0;
		};
/* End PBXSourcesBuildPhase section */

/* Begin PBXTargetDependency section */
		E7745B6F2C25CAA600E584D3 /* PBXTargetDependency */ = {
			isa = PBXTargetDependency;
			target = E7745B4E2C25692400E584D3 /* ToDoApp */;
			targetProxy = E7745B6E2C25CAA600E584D3 /* PBXContainerItemProxy */;
		};
/* End PBXTargetDependency section */

/* Begin XCBuildConfiguration section */
		E7745B5B2C25692600E584D3 /* Debug */ = {
			isa = XCBuildConfiguration;
			buildSettings = {
				ALWAYS_SEARCH_USER_PATHS = NO;
				ASSETCATALOG_COMPILER_GENERATE_SWIFT_ASSET_SYMBOL_EXTENSIONS = YES;
				CLANG_ANALYZER_NONNULL = YES;
				CLANG_ANALYZER_NUMBER_OBJECT_CONVERSION = YES_AGGRESSIVE;
				CLANG_CXX_LANGUAGE_STANDARD = "gnu++20";
				CLANG_ENABLE_MODULES = YES;
				CLANG_ENABLE_OBJC_ARC = YES;
				CLANG_ENABLE_OBJC_WEAK = YES;
				CLANG_WARN_BLOCK_CAPTURE_AUTORELEASING = YES;
				CLANG_WARN_BOOL_CONVERSION = YES;
				CLANG_WARN_COMMA = YES;
				CLANG_WARN_CONSTANT_CONVERSION = YES;
				CLANG_WARN_DEPRECATED_OBJC_IMPLEMENTATIONS = YES;
				CLANG_WARN_DIRECT_OBJC_ISA_USAGE = YES_ERROR;
				CLANG_WARN_DOCUMENTATION_COMMENTS = YES;
				CLANG_WARN_EMPTY_BODY = YES;
				CLANG_WARN_ENUM_CONVERSION = YES;
				CLANG_WARN_INFINITE_RECURSION = YES;
				CLANG_WARN_INT_CONVERSION = YES;
				CLANG_WARN_NON_LITERAL_NULL_CONVERSION = YES;
				CLANG_WARN_OBJC_IMPLICIT_RETAIN_SELF = YES;
				CLANG_WARN_OBJC_LITERAL_CONVERSION = YES;
				CLANG_WARN_OBJC_ROOT_CLASS = YES_ERROR;
				CLANG_WARN_QUOTED_INCLUDE_IN_FRAMEWORK_HEADER = YES;
				CLANG_WARN_RANGE_LOOP_ANALYSIS = YES;
				CLANG_WARN_STRICT_PROTOTYPES = YES;
				CLANG_WARN_SUSPICIOUS_MOVE = YES;
				CLANG_WARN_UNGUARDED_AVAILABILITY = YES_AGGRESSIVE;
				CLANG_WARN_UNREACHABLE_CODE = YES;
				CLANG_WARN__DUPLICATE_METHOD_MATCH = YES;
				COPY_PHASE_STRIP = NO;
				DEBUG_INFORMATION_FORMAT = dwarf;
				ENABLE_STRICT_OBJC_MSGSEND = YES;
				ENABLE_TESTABILITY = YES;
				ENABLE_USER_SCRIPT_SANDBOXING = NO;
				GCC_C_LANGUAGE_STANDARD = gnu17;
				GCC_DYNAMIC_NO_PIC = NO;
				GCC_NO_COMMON_BLOCKS = YES;
				GCC_OPTIMIZATION_LEVEL = 0;
				GCC_PREPROCESSOR_DEFINITIONS = (
					"DEBUG=1",
					"$(inherited)",
				);
				GCC_WARN_64_TO_32_BIT_CONVERSION = YES;
				GCC_WARN_ABOUT_RETURN_TYPE = YES_ERROR;
				GCC_WARN_UNDECLARED_SELECTOR = YES;
				GCC_WARN_UNINITIALIZED_AUTOS = YES_AGGRESSIVE;
				GCC_WARN_UNUSED_FUNCTION = YES;
				GCC_WARN_UNUSED_VARIABLE = YES;
				IPHONEOS_DEPLOYMENT_TARGET = 17.0;
				LOCALIZATION_PREFERS_STRING_CATALOGS = YES;
				MTL_ENABLE_DEBUG_INFO = INCLUDE_SOURCE;
				MTL_FAST_MATH = YES;
				ONLY_ACTIVE_ARCH = YES;
				SDKROOT = iphoneos;
				SWIFT_ACTIVE_COMPILATION_CONDITIONS = "DEBUG $(inherited)";
				SWIFT_OPTIMIZATION_LEVEL = "-Onone";
			};
			name = Debug;
		};
		E7745B5C2C25692600E584D3 /* Release */ = {
			isa = XCBuildConfiguration;
			buildSettings = {
				ALWAYS_SEARCH_USER_PATHS = NO;
				ASSETCATALOG_COMPILER_GENERATE_SWIFT_ASSET_SYMBOL_EXTENSIONS = YES;
				CLANG_ANALYZER_NONNULL = YES;
				CLANG_ANALYZER_NUMBER_OBJECT_CONVERSION = YES_AGGRESSIVE;
				CLANG_CXX_LANGUAGE_STANDARD = "gnu++20";
				CLANG_ENABLE_MODULES = YES;
				CLANG_ENABLE_OBJC_ARC = YES;
				CLANG_ENABLE_OBJC_WEAK = YES;
				CLANG_WARN_BLOCK_CAPTURE_AUTORELEASING = YES;
				CLANG_WARN_BOOL_CONVERSION = YES;
				CLANG_WARN_COMMA = YES;
				CLANG_WARN_CONSTANT_CONVERSION = YES;
				CLANG_WARN_DEPRECATED_OBJC_IMPLEMENTATIONS = YES;
				CLANG_WARN_DIRECT_OBJC_ISA_USAGE = YES_ERROR;
				CLANG_WARN_DOCUMENTATION_COMMENTS = YES;
				CLANG_WARN_EMPTY_BODY = YES;
				CLANG_WARN_ENUM_CONVERSION = YES;
				CLANG_WARN_INFINITE_RECURSION = YES;
				CLANG_WARN_INT_CONVERSION = YES;
				CLANG_WARN_NON_LITERAL_NULL_CONVERSION = YES;
				CLANG_WARN_OBJC_IMPLICIT_RETAIN_SELF = YES;
				CLANG_WARN_OBJC_LITERAL_CONVERSION = YES;
				CLANG_WARN_OBJC_ROOT_CLASS = YES_ERROR;
				CLANG_WARN_QUOTED_INCLUDE_IN_FRAMEWORK_HEADER = YES;
				CLANG_WARN_RANGE_LOOP_ANALYSIS = YES;
				CLANG_WARN_STRICT_PROTOTYPES = YES;
				CLANG_WARN_SUSPICIOUS_MOVE = YES;
				CLANG_WARN_UNGUARDED_AVAILABILITY = YES_AGGRESSIVE;
				CLANG_WARN_UNREACHABLE_CODE = YES;
				CLANG_WARN__DUPLICATE_METHOD_MATCH = YES;
				COPY_PHASE_STRIP = NO;
				DEBUG_INFORMATION_FORMAT = "dwarf-with-dsym";
				ENABLE_NS_ASSERTIONS = NO;
				ENABLE_STRICT_OBJC_MSGSEND = YES;
				ENABLE_USER_SCRIPT_SANDBOXING = NO;
				GCC_C_LANGUAGE_STANDARD = gnu17;
				GCC_NO_COMMON_BLOCKS = YES;
				GCC_WARN_64_TO_32_BIT_CONVERSION = YES;
				GCC_WARN_ABOUT_RETURN_TYPE = YES_ERROR;
				GCC_WARN_UNDECLARED_SELECTOR = YES;
				GCC_WARN_UNINITIALIZED_AUTOS = YES_AGGRESSIVE;
				GCC_WARN_UNUSED_FUNCTION = YES;
				GCC_WARN_UNUSED_VARIABLE = YES;
				IPHONEOS_DEPLOYMENT_TARGET = 17.0;
				LOCALIZATION_PREFERS_STRING_CATALOGS = YES;
				MTL_ENABLE_DEBUG_INFO = NO;
				MTL_FAST_MATH = YES;
				SDKROOT = iphoneos;
				SWIFT_COMPILATION_MODE = wholemodule;
				VALIDATE_PRODUCT = YES;
			};
			name = Release;
		};
		E7745B5E2C25692600E584D3 /* Debug */ = {
			isa = XCBuildConfiguration;
			baseConfigurationReference = 292F42E2C89FA2F3389BDC63 /* Pods-ToDoApp.debug.xcconfig */;
			buildSettings = {
				ASSETCATALOG_COMPILER_APPICON_NAME = AppIcon;
				ASSETCATALOG_COMPILER_GLOBAL_ACCENT_COLOR_NAME = AccentColor;
				CODE_SIGN_STYLE = Automatic;
				CURRENT_PROJECT_VERSION = 1;
				DEVELOPMENT_ASSET_PATHS = "\"ToDoApp/Preview Content\"";
				DEVELOPMENT_TEAM = KY758VGLM7;
				ENABLE_PREVIEWS = YES;
				GENERATE_INFOPLIST_FILE = YES;
				INFOPLIST_KEY_LSApplicationCategoryType = "public.app-category.utilities";
				INFOPLIST_KEY_UIApplicationSceneManifest_Generation = YES;
				INFOPLIST_KEY_UIApplicationSupportsIndirectInputEvents = YES;
				INFOPLIST_KEY_UILaunchScreen_Generation = YES;
				INFOPLIST_KEY_UISupportedInterfaceOrientations_iPad = "UIInterfaceOrientationPortrait UIInterfaceOrientationPortraitUpsideDown UIInterfaceOrientationLandscapeLeft UIInterfaceOrientationLandscapeRight";
				INFOPLIST_KEY_UISupportedInterfaceOrientations_iPhone = "UIInterfaceOrientationPortrait UIInterfaceOrientationLandscapeLeft UIInterfaceOrientationLandscapeRight";
				IPHONEOS_DEPLOYMENT_TARGET = 17.0;
				LD_RUNPATH_SEARCH_PATHS = (
					"$(inherited)",
					"@executable_path/Frameworks",
				);
				MARKETING_VERSION = 1.0;
				PRODUCT_BUNDLE_IDENTIFIER = vtagilov.ToDoApp;
				PRODUCT_NAME = "$(TARGET_NAME)";
				SUPPORTED_PLATFORMS = "iphoneos iphonesimulator";
				SUPPORTS_MACCATALYST = NO;
				SUPPORTS_MAC_DESIGNED_FOR_IPHONE_IPAD = NO;
				SUPPORTS_XR_DESIGNED_FOR_IPHONE_IPAD = NO;
				SWIFT_EMIT_LOC_STRINGS = YES;
				SWIFT_VERSION = 5.0;
				TARGETED_DEVICE_FAMILY = "1,2";
			};
			name = Debug;
		};
		E7745B5F2C25692600E584D3 /* Release */ = {
			isa = XCBuildConfiguration;
			baseConfigurationReference = F9A4D84E33A7CAF4C35768D5 /* Pods-ToDoApp.release.xcconfig */;
			buildSettings = {
				ASSETCATALOG_COMPILER_APPICON_NAME = AppIcon;
				ASSETCATALOG_COMPILER_GLOBAL_ACCENT_COLOR_NAME = AccentColor;
				CODE_SIGN_STYLE = Automatic;
				CURRENT_PROJECT_VERSION = 1;
				DEVELOPMENT_ASSET_PATHS = "\"ToDoApp/Preview Content\"";
				DEVELOPMENT_TEAM = KY758VGLM7;
				ENABLE_PREVIEWS = YES;
				GENERATE_INFOPLIST_FILE = YES;
				INFOPLIST_KEY_LSApplicationCategoryType = "public.app-category.utilities";
				INFOPLIST_KEY_UIApplicationSceneManifest_Generation = YES;
				INFOPLIST_KEY_UIApplicationSupportsIndirectInputEvents = YES;
				INFOPLIST_KEY_UILaunchScreen_Generation = YES;
				INFOPLIST_KEY_UISupportedInterfaceOrientations_iPad = "UIInterfaceOrientationPortrait UIInterfaceOrientationPortraitUpsideDown UIInterfaceOrientationLandscapeLeft UIInterfaceOrientationLandscapeRight";
				INFOPLIST_KEY_UISupportedInterfaceOrientations_iPhone = "UIInterfaceOrientationPortrait UIInterfaceOrientationLandscapeLeft UIInterfaceOrientationLandscapeRight";
				IPHONEOS_DEPLOYMENT_TARGET = 17.0;
				LD_RUNPATH_SEARCH_PATHS = (
					"$(inherited)",
					"@executable_path/Frameworks",
				);
				MARKETING_VERSION = 1.0;
				PRODUCT_BUNDLE_IDENTIFIER = vtagilov.ToDoApp;
				PRODUCT_NAME = "$(TARGET_NAME)";
				SUPPORTED_PLATFORMS = "iphoneos iphonesimulator";
				SUPPORTS_MACCATALYST = NO;
				SUPPORTS_MAC_DESIGNED_FOR_IPHONE_IPAD = NO;
				SUPPORTS_XR_DESIGNED_FOR_IPHONE_IPAD = NO;
				SWIFT_EMIT_LOC_STRINGS = YES;
				SWIFT_VERSION = 5.0;
				TARGETED_DEVICE_FAMILY = "1,2";
			};
			name = Release;
		};
		E7745B712C25CAA600E584D3 /* Debug */ = {
			isa = XCBuildConfiguration;
			buildSettings = {
				BUNDLE_LOADER = "$(TEST_HOST)";
				CODE_SIGN_STYLE = Automatic;
				CURRENT_PROJECT_VERSION = 1;
				DEVELOPMENT_TEAM = KY758VGLM7;
				GENERATE_INFOPLIST_FILE = YES;
				IPHONEOS_DEPLOYMENT_TARGET = 17.2;
				MARKETING_VERSION = 1.0;
				PRODUCT_BUNDLE_IDENTIFIER = vtagilov.ToDoItemTests;
				PRODUCT_NAME = "$(TARGET_NAME)";
				SWIFT_EMIT_LOC_STRINGS = NO;
				SWIFT_VERSION = 5.0;
				TARGETED_DEVICE_FAMILY = "1,2";
				TEST_HOST = "$(BUILT_PRODUCTS_DIR)/ToDoApp.app/$(BUNDLE_EXECUTABLE_FOLDER_PATH)/ToDoApp";
			};
			name = Debug;
		};
		E7745B722C25CAA600E584D3 /* Release */ = {
			isa = XCBuildConfiguration;
			buildSettings = {
				BUNDLE_LOADER = "$(TEST_HOST)";
				CODE_SIGN_STYLE = Automatic;
				CURRENT_PROJECT_VERSION = 1;
				DEVELOPMENT_TEAM = KY758VGLM7;
				GENERATE_INFOPLIST_FILE = YES;
				IPHONEOS_DEPLOYMENT_TARGET = 17.2;
				MARKETING_VERSION = 1.0;
				PRODUCT_BUNDLE_IDENTIFIER = vtagilov.ToDoItemTests;
				PRODUCT_NAME = "$(TARGET_NAME)";
				SWIFT_EMIT_LOC_STRINGS = NO;
				SWIFT_VERSION = 5.0;
				TARGETED_DEVICE_FAMILY = "1,2";
				TEST_HOST = "$(BUILT_PRODUCTS_DIR)/ToDoApp.app/$(BUNDLE_EXECUTABLE_FOLDER_PATH)/ToDoApp";
			};
			name = Release;
		};
/* End XCBuildConfiguration section */

/* Begin XCConfigurationList section */
		E7745B4A2C25692400E584D3 /* Build configuration list for PBXProject "ToDoApp" */ = {
			isa = XCConfigurationList;
			buildConfigurations = (
				E7745B5B2C25692600E584D3 /* Debug */,
				E7745B5C2C25692600E584D3 /* Release */,
			);
			defaultConfigurationIsVisible = 0;
			defaultConfigurationName = Release;
		};
		E7745B5D2C25692600E584D3 /* Build configuration list for PBXNativeTarget "ToDoApp" */ = {
			isa = XCConfigurationList;
			buildConfigurations = (
				E7745B5E2C25692600E584D3 /* Debug */,
				E7745B5F2C25692600E584D3 /* Release */,
			);
			defaultConfigurationIsVisible = 0;
			defaultConfigurationName = Release;
		};
		E7745B702C25CAA600E584D3 /* Build configuration list for PBXNativeTarget "ToDoItemTests" */ = {
			isa = XCConfigurationList;
			buildConfigurations = (
				E7745B712C25CAA600E584D3 /* Debug */,
				E7745B722C25CAA600E584D3 /* Release */,
			);
			defaultConfigurationIsVisible = 0;
			defaultConfigurationName = Release;
		};
/* End XCConfigurationList section */

/* Begin XCRemoteSwiftPackageReference section */
		E77557042C3C23BB003B80FA /* XCRemoteSwiftPackageReference "CocoaLumberjack" */ = {
			isa = XCRemoteSwiftPackageReference;
			repositoryURL = "https://github.com/CocoaLumberjack/CocoaLumberjack";
			requirement = {
				kind = upToNextMajorVersion;
				minimumVersion = 3.8.5;
			};
		};
/* End XCRemoteSwiftPackageReference section */

/* Begin XCSwiftPackageProductDependency section */
		E77557052C3C23BB003B80FA /* CocoaLumberjack */ = {
			isa = XCSwiftPackageProductDependency;
			package = E77557042C3C23BB003B80FA /* XCRemoteSwiftPackageReference "CocoaLumberjack" */;
			productName = CocoaLumberjack;
		};
		E77557072C3C23BB003B80FA /* CocoaLumberjackSwift */ = {
			isa = XCSwiftPackageProductDependency;
			package = E77557042C3C23BB003B80FA /* XCRemoteSwiftPackageReference "CocoaLumberjack" */;
			productName = CocoaLumberjackSwift;
		};
		E77557092C3C23BB003B80FA /* CocoaLumberjackSwiftLogBackend */ = {
			isa = XCSwiftPackageProductDependency;
			package = E77557042C3C23BB003B80FA /* XCRemoteSwiftPackageReference "CocoaLumberjack" */;
			productName = CocoaLumberjackSwiftLogBackend;
		};
/* End XCSwiftPackageProductDependency section */
	};
	rootObject = E7745B472C25692400E584D3 /* Project object */;
}
